
Microsoft Visual Studio Solution File, Format Version 12.00
# Visual Studio 15
VisualStudioVersion = 15.0.28307.421
MinimumVisualStudioVersion = 10.0.40219.1
Project("{FAE04EC0-301F-11D3-BF4B-00C04F79EFBC}") = "Client", "Client\Client.csproj", "{17148E9A-9131-43E5-ACB0-D830EEC1FFDB}"
EndProject
Global
	GlobalSection(SolutionConfigurationPlatforms) = preSolution
		Debug|Any CPU = Debug|Any CPU
		Release|Any CPU = Release|Any CPU
	EndGlobalSection
	GlobalSection(ProjectConfigurationPlatforms) = postSolution
		{17148E9A-9131-43E5-ACB0-D830EEC1FFDB}.Debug|Any CPU.ActiveCfg = Debug|Any CPU
		{17148E9A-9131-43E5-ACB0-D830EEC1FFDB}.Debug|Any CPU.Build.0 = Debug|Any CPU
		{17148E9A-9131-43E5-ACB0-D830EEC1FFDB}.Release|Any CPU.ActiveCfg = Release|Any CPU
		{17148E9A-9131-43E5-ACB0-D830EEC1FFDB}.Release|Any CPU.Build.0 = Release|Any CPU
	EndGlobalSection
	GlobalSection(SolutionProperties) = preSolution
		HideSolutionNode = FALSE
	EndGlobalSection
	GlobalSection(ExtensibilityGlobals) = postSolution
		SolutionGuid = {04E78DBD-F0CD-4ECE-B648-4212CAA61096}
	EndGlobalSection
EndGlobal
