
Microsoft Visual Studio Solution File, Format Version 12.00
# Visual Studio Version 16
VisualStudioVersion = 16.0.30503.244
MinimumVisualStudioVersion = 10.0.40219.1
Project("{FAE04EC0-301F-11D3-BF4B-00C04F79EFBC}") = "PasswordCrackerCentralized", "PasswordCrackerCentralized\PasswordCrackerCentralized.csproj", "{6B7D33BB-D08A-4075-9AFF-A45A97EBF644}"
EndProject
Project("{2150E333-8FDC-42A3-9474-1A3956D46DE8}") = "Solution Items", "Solution Items", "{28712FDE-1DE1-481E-8F08-5666966C8D2E}"
EndProject
Project("{FAE04EC0-301F-11D3-BF4B-00C04F79EFBC}") = "Client", "..\..\JwtAuthClient - Kopi\JwtClient\Client\Client.csproj", "{17148E9A-9131-43E5-ACB0-D830EEC1FFDB}"
EndProject
Project("{FAE04EC0-301F-11D3-BF4B-00C04F79EFBC}") = "AuthServer", "..\..\JwtAuthServer - Kopi\AuthServer\AuthServer.csproj", "{CCABE7F4-70BC-4051-B49F-9610A48C6E05}"
EndProject
Global
	GlobalSection(SolutionConfigurationPlatforms) = preSolution
		Debug|Any CPU = Debug|Any CPU
		Release|Any CPU = Release|Any CPU
	EndGlobalSection
	GlobalSection(ProjectConfigurationPlatforms) = postSolution
		{6B7D33BB-D08A-4075-9AFF-A45A97EBF644}.Debug|Any CPU.ActiveCfg = Debug|Any CPU
		{6B7D33BB-D08A-4075-9AFF-A45A97EBF644}.Debug|Any CPU.Build.0 = Debug|Any CPU
		{6B7D33BB-D08A-4075-9AFF-A45A97EBF644}.Release|Any CPU.ActiveCfg = Release|Any CPU
		{6B7D33BB-D08A-4075-9AFF-A45A97EBF644}.Release|Any CPU.Build.0 = Release|Any CPU
		{17148E9A-9131-43E5-ACB0-D830EEC1FFDB}.Debug|Any CPU.ActiveCfg = Debug|Any CPU
		{17148E9A-9131-43E5-ACB0-D830EEC1FFDB}.Debug|Any CPU.Build.0 = Debug|Any CPU
		{17148E9A-9131-43E5-ACB0-D830EEC1FFDB}.Release|Any CPU.ActiveCfg = Release|Any CPU
		{17148E9A-9131-43E5-ACB0-D830EEC1FFDB}.Release|Any CPU.Build.0 = Release|Any CPU
		{CCABE7F4-70BC-4051-B49F-9610A48C6E05}.Debug|Any CPU.ActiveCfg = Debug|Any CPU
		{CCABE7F4-70BC-4051-B49F-9610A48C6E05}.Debug|Any CPU.Build.0 = Debug|Any CPU
		{CCABE7F4-70BC-4051-B49F-9610A48C6E05}.Release|Any CPU.ActiveCfg = Release|Any CPU
		{CCABE7F4-70BC-4051-B49F-9610A48C6E05}.Release|Any CPU.Build.0 = Release|Any CPU
	EndGlobalSection
	GlobalSection(SolutionProperties) = preSolution
		HideSolutionNode = FALSE
	EndGlobalSection
	GlobalSection(ExtensibilityGlobals) = postSolution
		SolutionGuid = {33515F74-5B5F-41E3-B911-2D4F5B30DFCB}
	EndGlobalSection
EndGlobal
